// !$*UTF8*$!
{
	archiveVersion = 1;
	classes = {
	};
	objectVersion = 110;
	objects = {

/* Begin PBXContainerItemProxy section */
		A6EC51793048EA9D00A3B953 /* PBXContainerItemProxy */ = {
			isa = PBXContainerItemProxy;
			containerPortal = A6EC51633048EA9C00A3B953 /* Project object */;
			proxyType = 1;
			remoteGlobalIDString = A6EC516A3048EA9C00A3B953;
			remoteInfo = RoomLens;
		};
		A6EC51833048EA9D00A3B953 /* PBXContainerItemProxy */ = {
			isa = PBXContainerItemProxy;
			containerPortal = A6EC51633048EA9C00A3B953 /* Project object */;
			proxyType = 1;
			remoteGlobalIDString = A6EC516A3048EA9C00A3B953;
			remoteInfo = RoomLens;
		};
/* End PBXContainerItemProxy section */

/* Begin PBXFileReference section */
		A6EC516B3048EA9C00A3B953 /* RoomLens.app */ = {isa = PBXFileReference; explicitFileType = wrapper.application; includeInIndex = 0; path = RoomLens.app; sourceTree = BUILT_PRODUCTS_DIR; };
		A6EC51783048EA9D00A3B953 /* RoomLensTests.xctest */ = {isa = PBXFileReference; explicitFileType = wrapper.cfbundle; includeInIndex = 0; path = RoomLensTests.xctest; sourceTree = BUILT_PRODUCTS_DIR; };
		A6EC51823048EA9D00A3B953 /* RoomLensUITests.xctest */ = {isa = PBXFileReference; explicitFileType = wrapper.cfbundle; includeInIndex = 0; path = RoomLensUITests.xctest; sourceTree = BUILT_PRODUCTS_DIR; };
/* End PBXFileReference section */

/* Begin PBXFileSystemSynchronizedRootGroup section */
		A6EC516D3048EA9C00A3B953 /* RoomLens */ = {
			isa = PBXFileSystemSynchronizedRootGroup;
			explicitFileTypes = {
				RoomScanView.swift = sourcecode.swift;
			};
			path = RoomLens;
			sourceTree = "<group>";
		};
		A6EC517B3048EA9D00A3B953 /* RoomLensTests */ = {
			isa = PBXFileSystemSynchronizedRootGroup;
			path = RoomLensTests;
			sourceTree = "<group>";
		};
		A6EC51853048EA9D00A3B953 /* RoomLensUITests */ = {
			isa = PBXFileSystemSynchronizedRootGroup;
			path = RoomLensUITests;
			sourceTree = "<group>";
		};
/* End PBXFileSystemSynchronizedRootGroup section */

/* Begin PBXFrameworksBuildPhase section */
		A6EC51683048EA9C00A3B953 /* Frameworks */ = {
			isa = PBXFrameworksBuildPhase;
			files = (
			);
		};
		A6EC51753048EA9D00A3B953 /* Frameworks */ = {
			isa = PBXFrameworksBuildPhase;
			files = (
			);
		};
		A6EC517F3048EA9D00A3B953 /* Frameworks */ = {
			isa = PBXFrameworksBuildPhase;
			files = (
			);
		};
/* End PBXFrameworksBuildPhase section */

/* Begin PBXGroup section */
		A6EC51623048EA9C00A3B953 = {
			isa = PBXGroup;
			children = (
				A6EC516D3048EA9C00A3B953 /* RoomLens */,
				A6EC517B3048EA9D00A3B953 /* RoomLensTests */,
				A6EC51853048EA9D00A3B953 /* RoomLensUITests */,
				A6EC516C3048EA9C00A3B953 /* Products */,
			);
			sourceTree = "<group>";
		};
		A6EC516C3048EA9C00A3B953 /* Products */ = {
			isa = PBXGroup;
			children = (
				A6EC516B3048EA9C00A3B953 /* RoomLens.app */,
				A6EC51783048EA9D00A3B953 /* RoomLensTests.xctest */,
				A6EC51823048EA9D00A3B953 /* RoomLensUITests.xctest */,
			);
			name = Products;
			sourceTree = "<group>";
		};
/* End PBXGroup section */

/* Begin PBXNativeTarget section */
		A6EC516A3048EA9C00A3B953 /* RoomLens */ = {
			isa = PBXNativeTarget;
			buildConfigurationList = A6EC518A3048EA9D00A3B953 /* Build configuration list for PBXNativeTarget "RoomLens" */;
			buildPhases = (
				A6EC51673048EA9C00A3B953 /* Sources */,
				A6EC51683048EA9C00A3B953 /* Frameworks */,
				A6EC51693048EA9C00A3B953 /* Resources */,
			);
			buildRules = (
			);
			fileSystemSynchronizedGroups = (
				A6EC516D3048EA9C00A3B953 /* RoomLens */,
			);
			name = RoomLens;
			productName = RoomLens;
			productReference = A6EC516B3048EA9C00A3B953 /* RoomLens.app */;
			productType = "com.apple.product-type.application";
		};
		A6EC51773048EA9D00A3B953 /* RoomLensTests */ = {
			isa = PBXNativeTarget;
			buildConfigurationList = A6EC518D3048EA9D00A3B953 /* Build configuration list for PBXNativeTarget "RoomLensTests" */;
			buildPhases = (
				A6EC51743048EA9D00A3B953 /* Sources */,
				A6EC51753048EA9D00A3B953 /* Frameworks */,
				A6EC51763048EA9D00A3B953 /* Resources */,
			);
			buildRules = (
			);
			dependencies = (
				A6EC517A3048EA9D00A3B953 /* PBXTargetDependency */,
			);
			fileSystemSynchronizedGroups = (
				A6EC517B3048EA9D00A3B953 /* RoomLensTests */,
			);
			name = RoomLensTests;
			productName = RoomLensTests;
			productReference = A6EC51783048EA9D00A3B953 /* RoomLensTests.xctest */;
			productType = "com.apple.product-type.bundle.unit-test";
		};
		A6EC51813048EA9D00A3B953 /* RoomLensUITests */ = {
			isa = PBXNativeTarget;
			buildConfigurationList = A6EC51903048EA9D00A3B953 /* Build configuration list for PBXNativeTarget "RoomLensUITests" */;
			buildPhases = (
				A6EC517E3048EA9D00A3B953 /* Sources */,
				A6EC517F3048EA9D00A3B953 /* Frameworks */,
				A6EC51803048EA9D00A3B953 /* Resources */,
			);
			buildRules = (
			);
			dependencies = (
				A6EC51843048EA9D00A3B953 /* PBXTargetDependency */,
			);
			fileSystemSynchronizedGroups = (
				A6EC51853048EA9D00A3B953 /* RoomLensUITests */,
			);
			name = RoomLensUITests;
			productName = RoomLensUITests;
			productReference = A6EC51823048EA9D00A3B953 /* RoomLensUITests.xctest */;
			productType = "com.apple.product-type.bundle.ui-testing";
		};
/* End PBXNativeTarget section */

/* Begin PBXProject section */
		A6EC51633048EA9C00A3B953 /* Project object */ = {
			isa = PBXProject;
			attributes = {
				BuildIndependentTargetsInParallel = 1;
				LastSwiftUpdateCheck = 2700;
				LastUpgradeCheck = 2700;
				TargetAttributes = {
					A6EC516A3048EA9C00A3B953 = {
						CreatedOnToolsVersion = 27.0;
					};
					A6EC51773048EA9D00A3B953 = {
						CreatedOnToolsVersion = 27.0;
						TestTargetID = A6EC516A3048EA9C00A3B953;
					};
					A6EC51813048EA9D00A3B953 = {
						CreatedOnToolsVersion = 27.0;
						TestTargetID = A6EC516A3048EA9C00A3B953;
					};
				};
			};
			buildConfigurationList = A6EC51663048EA9C00A3B953 /* Build configuration list for PBXProject "RoomLens" */;
			developmentRegion = en;
			hasScannedForEncodings = 0;
			knownRegions = (
				en,
				Base,
			);
			mainGroup = A6EC51623048EA9C00A3B953;
			minimizedProjectReferenceProxies = 1;
			preferredProjectObjectVersion = 77;
			productRefGroup = A6EC516C3048EA9C00A3B953 /* Products */;
			projectDirPath = "";
			projectRoot = "";
			targets = (
				A6EC516A3048EA9C00A3B953 /* RoomLens */,
				A6EC51773048EA9D00A3B953 /* RoomLensTests */,
				A6EC51813048EA9D00A3B953 /* RoomLensUITests */,
			);
		};
/* End PBXProject section */

/* Begin PBXResourcesBuildPhase section */
		A6EC51693048EA9C00A3B953 /* Resources */ = {
			isa = PBXResourcesBuildPhase;
			files = (
			);
		};
		A6EC51763048EA9D00A3B953 /* Resources */ = {
			isa = PBXResourcesBuildPhase;
			files = (
			);
		};
		A6EC51803048EA9D00A3B953 /* Resources */ = {
			isa = PBXResourcesBuildPhase;
			files = (
			);
		};
/* End PBXResourcesBuildPhase section */

/* Begin PBXSourcesBuildPhase section */
		A6EC51673048EA9C00A3B953 /* Sources */ = {
			isa = PBXSourcesBuildPhase;
			files = (
			);
		};
		A6EC51743048EA9D00A3B953 /* Sources */ = {
			isa = PBXSourcesBuildPhase;
			files = (
			);
		};
		A6EC517E3048EA9D00A3B953 /* Sources */ = {
			isa = PBXSourcesBuildPhase;
			files = (
			);
		};
/* End PBXSourcesBuildPhase section */

/* Begin PBXTargetDependency section */
		A6EC517A3048EA9D00A3B953 /* PBXTargetDependency */ = {
			isa = PBXTargetDependency;
			target = A6EC516A3048EA9C00A3B953 /* RoomLens */;
			targetProxy = A6EC51793048EA9D00A3B953 /* PBXContainerItemProxy */;
		};
		A6EC51843048EA9D00A3B953 /* PBXTargetDependency */ = {
			isa = PBXTargetDependency;
			target = A6EC516A3048EA9C00A3B953 /* RoomLens */;
			targetProxy = A6EC51833048EA9D00A3B953 /* PBXContainerItemProxy */;
		};
/* End PBXTargetDependency section */

/* Begin XCBuildConfiguration section */
		A6EC51883048EA9D00A3B953 /* Debug configuration for PBXProject "RoomLens" */ = {
			isa = XCBuildConfiguration;
			buildSettings = {
				ALWAYS_SEARCH_USER_PATHS = NO;
				ASSETCATALOG_COMPILER_GENERATE_SWIFT_ASSET_SYMBOL_EXTENSIONS = YES;
				CLANG_ANALYZER_NONNULL = YES;
				CLANG_ANALYZER_NUMBER_OBJECT_CONVERSION = YES_AGGRESSIVE;
				CLANG_CXX_LANGUAGE_STANDARD = "gnu++20";
				CLANG_ENABLE_MODULES = YES;
				CLANG_ENABLE_OBJC_ARC = YES;
				CLANG_ENABLE_OBJC_WEAK = YES;
				CLANG_WARN_BLOCK_CAPTURE_AUTORELEASING = YES;
				CLANG_WARN_BOOL_CONVERSION = YES;
				CLANG_WARN_COMMA = YES;
				CLANG_WARN_CONSTANT_CONVERSION = YES;
				CLANG_WARN_DEPRECATED_OBJC_IMPLEMENTATIONS = YES;
				CLANG_WARN_DIRECT_OBJC_ISA_USAGE = YES_ERROR;
				CLANG_WARN_DOCUMENTATION_COMMENTS = YES;
				CLANG_WARN_EMPTY_BODY = YES;
				CLANG_WARN_ENUM_CONVERSION = YES;
				CLANG_WARN_INFINITE_RECURSION = YES;
				CLANG_WARN_INT_CONVERSION = YES;
				CLANG_WARN_NON_LITERAL_NULL_CONVERSION = YES;
				CLANG_WARN_OBJC_IMPLICIT_RETAIN_SELF = YES;
				CLANG_WARN_OBJC_LITERAL_CONVERSION = YES;
				CLANG_WARN_OBJC_ROOT_CLASS = YES_ERROR;
				CLANG_WARN_QUOTED_INCLUDE_IN_FRAMEWORK_HEADER = YES;
				CLANG_WARN_RANGE_LOOP_ANALYSIS = YES;
				CLANG_WARN_STRICT_PROTOTYPES = YES;
				CLANG_WARN_SUSPICIOUS_MOVE = YES;
				CLANG_WARN_UNGUARDED_AVAILABILITY = YES_AGGRESSIVE;
				CLANG_WARN_UNREACHABLE_CODE = YES;
				CLANG_WARN__DUPLICATE_METHOD_MATCH = YES;
				COPY_PHASE_STRIP = NO;
				DEBUG_INFORMATION_FORMAT = dwarf;
				DEVELOPMENT_TEAM = LX83XRP475;
				ENABLE_STRICT_OBJC_MSGSEND = YES;
				ENABLE_TESTABILITY = YES;
				ENABLE_USER_SCRIPT_SANDBOXING = YES;
				GCC_C_LANGUAGE_STANDARD = gnu17;
				GCC_DYNAMIC_NO_PIC = NO;
				GCC_NO_COMMON_BLOCKS = YES;
				GCC_OPTIMIZATION_LEVEL = 0;
				GCC_PREPROCESSOR_DEFINITIONS = (
					"DEBUG=1",
					"$(inherited)",
				);
				GCC_WARN_64_TO_32_BIT_CONVERSION = YES;
				GCC_WARN_ABOUT_RETURN_TYPE = YES_ERROR;
				GCC_WARN_UNDECLARED_SELECTOR = YES;
				GCC_WARN_UNINITIALIZED_AUTOS = YES_AGGRESSIVE;
				GCC_WARN_UNUSED_FUNCTION = YES;
				GCC_WARN_UNUSED_VARIABLE = YES;
				IPHONEOS_DEPLOYMENT_TARGET = 26.0;
				LOCALIZATION_PREFERS_STRING_CATALOGS = YES;
				MTL_ENABLE_DEBUG_INFO = INCLUDE_SOURCE;
				MTL_FAST_MATH = YES;
				ONLY_ACTIVE_ARCH = YES;
				SDKROOT = iphoneos;
				STRING_CATALOG_GENERATE_SYMBOLS = YES;
				SWIFT_ACTIVE_COMPILATION_CONDITIONS = "DEBUG $(inherited)";
				SWIFT_OPTIMIZATION_LEVEL = "-Onone";
			};
			name = Debug;
		};
		A6EC51893048EA9D00A3B953 /* Release configuration for PBXProject "RoomLens" */ = {
			isa = XCBuildConfiguration;
			buildSettings = {
				ALWAYS_SEARCH_USER_PATHS = NO;
				ASSETCATALOG_COMPILER_GENERATE_SWIFT_ASSET_SYMBOL_EXTENSIONS = YES;
				CLANG_ANALYZER_NONNULL = YES;
				CLANG_ANALYZER_NUMBER_OBJECT_CONVERSION = YES_AGGRESSIVE;
				CLANG_CXX_LANGUAGE_STANDARD = "gnu++20";
				CLANG_ENABLE_MODULES = YES;
				CLANG_ENABLE_OBJC_ARC = YES;
				CLANG_ENABLE_OBJC_WEAK = YES;
				CLANG_WARN_BLOCK_CAPTURE_AUTORELEASING = YES;
				CLANG_WARN_BOOL_CONVERSION = YES;
				CLANG_WARN_COMMA = YES;
				CLANG_WARN_CONSTANT_CONVERSION = YES;
				CLANG_WARN_DEPRECATED_OBJC_IMPLEMENTATIONS = YES;
				CLANG_WARN_DIRECT_OBJC_ISA_USAGE = YES_ERROR;
				CLANG_WARN_DOCUMENTATION_COMMENTS = YES;
				CLANG_WARN_EMPTY_BODY = YES;
				CLANG_WARN_ENUM_CONVERSION = YES;
				CLANG_WARN_INFINITE_RECURSION = YES;
				CLANG_WARN_INT_CONVERSION = YES;
				CLANG_WARN_NON_LITERAL_NULL_CONVERSION = YES;
				CLANG_WARN_OBJC_IMPLICIT_RETAIN_SELF = YES;
				CLANG_WARN_OBJC_LITERAL_CONVERSION = YES;
				CLANG_WARN_OBJC_ROOT_CLASS = YES_ERROR;
				CLANG_WARN_QUOTED_INCLUDE_IN_FRAMEWORK_HEADER = YES;
				CLANG_WARN_RANGE_LOOP_ANALYSIS = YES;
				CLANG_WARN_STRICT_PROTOTYPES = YES;
				CLANG_WARN_SUSPICIOUS_MOVE = YES;
				CLANG_WARN_UNGUARDED_AVAILABILITY = YES_AGGRESSIVE;
				CLANG_WARN_UNREACHABLE_CODE = YES;
				CLANG_WARN__DUPLICATE_METHOD_MATCH = YES;
				COPY_PHASE_STRIP = NO;
				DEBUG_INFORMATION_FORMAT = "dwarf-with-dsym";
				DEVELOPMENT_TEAM = LX83XRP475;
				ENABLE_NS_ASSERTIONS = NO;
				ENABLE_STRICT_OBJC_MSGSEND = YES;
				ENABLE_USER_SCRIPT_SANDBOXING = YES;
				GCC_C_LANGUAGE_STANDARD = gnu17;
				GCC_NO_COMMON_BLOCKS = YES;
				GCC_WARN_64_TO_32_BIT_CONVERSION = YES;
				GCC_WARN_ABOUT_RETURN_TYPE = YES_ERROR;
				GCC_WARN_UNDECLARED_SELECTOR = YES;
				GCC_WARN_UNINITIALIZED_AUTOS = YES_AGGRESSIVE;
				GCC_WARN_UNUSED_FUNCTION = YES;
				GCC_WARN_UNUSED_VARIABLE = YES;
				IPHONEOS_DEPLOYMENT_TARGET = 26.0;
				LOCALIZATION_PREFERS_STRING_CATALOGS = YES;
				MTL_ENABLE_DEBUG_INFO = NO;
				MTL_FAST_MATH = YES;
				SDKROOT = iphoneos;
				STRING_CATALOG_GENERATE_SYMBOLS = YES;
				SWIFT_COMPILATION_MODE = wholemodule;
				VALIDATE_PRODUCT = YES;
			};
			name = Release;
		};
		A6EC518B3048EA9D00A3B953 /* Debug configuration for PBXNativeTarget "RoomLens" */ = {
			isa = XCBuildConfiguration;
			buildSettings = {
				ASSETCATALOG_COMPILER_APPICON_NAME = AppIcon;
				ASSETCATALOG_COMPILER_GLOBAL_ACCENT_COLOR_NAME = AccentColor;
				CODE_SIGN_STYLE = Automatic;
				CURRENT_PROJECT_VERSION = 1;
				DEVELOPMENT_TEAM = LX83XRP475;
				ENABLE_PREVIEWS = YES;
				GENERATE_INFOPLIST_FILE = YES;
				INFOPLIST_KEY_NSCameraUsageDescription = "RoomLens uses the camera to capture photos of rooms and interiors.";
				INFOPLIST_KEY_NSPhotoLibraryAddUsageDescription = "RoomLens saves the photos you capture to your photo library.";
				INFOPLIST_KEY_UIApplicationSceneManifest_Generation = YES;
				INFOPLIST_KEY_UIApplicationSupportsIndirectInputEvents = YES;
				INFOPLIST_KEY_UILaunchScreen_Generation = YES;
				INFOPLIST_KEY_UISupportedInterfaceOrientations_iPad = "UIInterfaceOrientationPortrait UIInterfaceOrientationPortraitUpsideDown UIInterfaceOrientationLandscapeLeft UIInterfaceOrientationLandscapeRight";
				INFOPLIST_KEY_UISupportedInterfaceOrientations_iPhone = "UIInterfaceOrientationPortrait UIInterfaceOrientationLandscapeLeft UIInterfaceOrientationLandscapeRight";
				LD_RUNPATH_SEARCH_PATHS = (
					"$(inherited)",
					"@executable_path/Frameworks",
				);
				MARKETING_VERSION = 1.0;
				PRODUCT_BUNDLE_IDENTIFIER = com.patrick.RoomLens;
				PRODUCT_NAME = "$(TARGET_NAME)";
				STRING_CATALOG_GENERATE_SYMBOLS = YES;
				SWIFT_APPROACHABLE_CONCURRENCY = YES;
				SWIFT_DEFAULT_ACTOR_ISOLATION = MainActor;
				SWIFT_EMIT_LOC_STRINGS = YES;
				SWIFT_UPCOMING_FEATURE_MEMBER_IMPORT_VISIBILITY = YES;
				SWIFT_VERSION = 6.0;
				TARGETED_DEVICE_FAMILY = "1,2";
			};
			name = Debug;
		};
		A6EC518C3048EA9D00A3B953 /* Release configuration for PBXNativeTarget "RoomLens" */ = {
			isa = XCBuildConfiguration;
			buildSettings = {
				ASSETCATALOG_COMPILER_APPICON_NAME = AppIcon;
				ASSETCATALOG_COMPILER_GLOBAL_ACCENT_COLOR_NAME = AccentColor;
				CODE_SIGN_STYLE = Automatic;
				CURRENT_PROJECT_VERSION = 1;
				DEVELOPMENT_TEAM = LX83XRP475;
				ENABLE_PREVIEWS = YES;
				GENERATE_INFOPLIST_FILE = YES;
				INFOPLIST_KEY_NSCameraUsageDescription = "RoomLens uses the camera to capture photos of rooms and interiors.";
				INFOPLIST_KEY_NSPhotoLibraryAddUsageDescription = "RoomLens saves the photos you capture to your photo library.";
				INFOPLIST_KEY_UIApplicationSceneManifest_Generation = YES;
				INFOPLIST_KEY_UIApplicationSupportsIndirectInputEvents = YES;
				INFOPLIST_KEY_UILaunchScreen_Generation = YES;
				INFOPLIST_KEY_UISupportedInterfaceOrientations_iPad = "UIInterfaceOrientationPortrait UIInterfaceOrientationPortraitUpsideDown UIInterfaceOrientationLandscapeLeft UIInterfaceOrientationLandscapeRight";
				INFOPLIST_KEY_UISupportedInterfaceOrientations_iPhone = "UIInterfaceOrientationPortrait UIInterfaceOrientationLandscapeLeft UIInterfaceOrientationLandscapeRight";
				LD_RUNPATH_SEARCH_PATHS = (
					"$(inherited)",
					"@executable_path/Frameworks",
				);
				MARKETING_VERSION = 1.0;
				PRODUCT_BUNDLE_IDENTIFIER = com.patrick.RoomLens;
				PRODUCT_NAME = "$(TARGET_NAME)";
				STRING_CATALOG_GENERATE_SYMBOLS = YES;
				SWIFT_APPROACHABLE_CONCURRENCY = YES;
				SWIFT_DEFAULT_ACTOR_ISOLATION = MainActor;
				SWIFT_EMIT_LOC_STRINGS = YES;
				SWIFT_UPCOMING_FEATURE_MEMBER_IMPORT_VISIBILITY = YES;
				SWIFT_VERSION = 6.0;
				TARGETED_DEVICE_FAMILY = "1,2";
			};
			name = Release;
		};
		A6EC518E3048EA9D00A3B953 /* Debug configuration for PBXNativeTarget "RoomLensTests" */ = {
			isa = XCBuildConfiguration;
			buildSettings = {
				BUNDLE_LOADER = "$(TEST_HOST)";
				CODE_SIGN_STYLE = Automatic;
				CURRENT_PROJECT_VERSION = 1;
				DEVELOPMENT_TEAM = LX83XRP475;
				GENERATE_INFOPLIST_FILE = YES;
				IPHONEOS_DEPLOYMENT_TARGET = 26.0;
				MARKETING_VERSION = 1.0;
				PRODUCT_BUNDLE_IDENTIFIER = com.patrick.RoomLensTests;
				PRODUCT_NAME = "$(TARGET_NAME)";
				STRING_CATALOG_GENERATE_SYMBOLS = NO;
				SWIFT_APPROACHABLE_CONCURRENCY = YES;
				SWIFT_EMIT_LOC_STRINGS = NO;
				SWIFT_UPCOMING_FEATURE_MEMBER_IMPORT_VISIBILITY = YES;
				SWIFT_VERSION = 6.0;
				TARGETED_DEVICE_FAMILY = "1,2";
				TEST_HOST = "$(BUILT_PRODUCTS_DIR)/RoomLens.app/$(BUNDLE_EXECUTABLE_FOLDER_PATH)/RoomLens";
			};
			name = Debug;
		};
		A6EC518F3048EA9D00A3B953 /* Release configuration for PBXNativeTarget "RoomLensTests" */ = {
			isa = XCBuildConfiguration;
			buildSettings = {
				BUNDLE_LOADER = "$(TEST_HOST)";
				CODE_SIGN_STYLE = Automatic;
				CURRENT_PROJECT_VERSION = 1;
				DEVELOPMENT_TEAM = LX83XRP475;
				GENERATE_INFOPLIST_FILE = YES;
				IPHONEOS_DEPLOYMENT_TARGET = 26.0;
				MARKETING_VERSION = 1.0;
				PRODUCT_BUNDLE_IDENTIFIER = com.patrick.RoomLensTests;
				PRODUCT_NAME = "$(TARGET_NAME)";
				STRING_CATALOG_GENERATE_SYMBOLS = NO;
				SWIFT_APPROACHABLE_CONCURRENCY = YES;
				SWIFT_EMIT_LOC_STRINGS = NO;
				SWIFT_UPCOMING_FEATURE_MEMBER_IMPORT_VISIBILITY = YES;
				SWIFT_VERSION = 6.0;
				TARGETED_DEVICE_FAMILY = "1,2";
				TEST_HOST = "$(BUILT_PRODUCTS_DIR)/RoomLens.app/$(BUNDLE_EXECUTABLE_FOLDER_PATH)/RoomLens";
			};
			name = Release;
		};
		A6EC51913048EA9D00A3B953 /* Debug configuration for PBXNativeTarget "RoomLensUITests" */ = {
			isa = XCBuildConfiguration;
			buildSettings = {
				CODE_SIGN_STYLE = Automatic;
				CURRENT_PROJECT_VERSION = 1;
				DEVELOPMENT_TEAM = LX83XRP475;
				GENERATE_INFOPLIST_FILE = YES;
				MARKETING_VERSION = 1.0;
				PRODUCT_BUNDLE_IDENTIFIER = com.patrick.RoomLensUITests;
				PRODUCT_NAME = "$(TARGET_NAME)";
				STRING_CATALOG_GENERATE_SYMBOLS = NO;
				SWIFT_APPROACHABLE_CONCURRENCY = YES;
				SWIFT_EMIT_LOC_STRINGS = NO;
				SWIFT_UPCOMING_FEATURE_MEMBER_IMPORT_VISIBILITY = YES;
				SWIFT_VERSION = 6.0;
				TARGETED_DEVICE_FAMILY = "1,2";
				TEST_TARGET_NAME = RoomLens;
			};
			name = Debug;
		};
		A6EC51923048EA9D00A3B953 /* Release configuration for PBXNativeTarget "RoomLensUITests" */ = {
			isa = XCBuildConfiguration;
			buildSettings = {
				CODE_SIGN_STYLE = Automatic;
				CURRENT_PROJECT_VERSION = 1;
				DEVELOPMENT_TEAM = LX83XRP475;
				GENERATE_INFOPLIST_FILE = YES;
				MARKETING_VERSION = 1.0;
				PRODUCT_BUNDLE_IDENTIFIER = com.patrick.RoomLensUITests;
				PRODUCT_NAME = "$(TARGET_NAME)";
				STRING_CATALOG_GENERATE_SYMBOLS = NO;
				SWIFT_APPROACHABLE_CONCURRENCY = YES;
				SWIFT_EMIT_LOC_STRINGS = NO;
				SWIFT_UPCOMING_FEATURE_MEMBER_IMPORT_VISIBILITY = YES;
				SWIFT_VERSION = 6.0;
				TARGETED_DEVICE_FAMILY = "1,2";
				TEST_TARGET_NAME = RoomLens;
			};
			name = Release;
		};
/* End XCBuildConfiguration section */

/* Begin XCConfigurationList section */
		A6EC51663048EA9C00A3B953 /* Build configuration list for PBXProject "RoomLens" */ = {
			isa = XCConfigurationList;
			buildConfigurations = (
				A6EC51883048EA9D00A3B953 /* Debug configuration for PBXProject "RoomLens" */,
				A6EC51893048EA9D00A3B953 /* Release configuration for PBXProject "RoomLens" */,
			);
			defaultConfigurationName = Release;
		};
		A6EC518A3048EA9D00A3B953 /* Build configuration list for PBXNativeTarget "RoomLens" */ = {
			isa = XCConfigurationList;
			buildConfigurations = (
				A6EC518B3048EA9D00A3B953 /* Debug configuration for PBXNativeTarget "RoomLens" */,
				A6EC518C3048EA9D00A3B953 /* Release configuration for PBXNativeTarget "RoomLens" */,
			);
			defaultConfigurationName = Release;
		};
		A6EC518D3048EA9D00A3B953 /* Build configuration list for PBXNativeTarget "RoomLensTests" */ = {
			isa = XCConfigurationList;
			buildConfigurations = (
				A6EC518E3048EA9D00A3B953 /* Debug configuration for PBXNativeTarget "RoomLensTests" */,
				A6EC518F3048EA9D00A3B953 /* Release configuration for PBXNativeTarget "RoomLensTests" */,
			);
			defaultConfigurationName = Release;
		};
		A6EC51903048EA9D00A3B953 /* Build configuration list for PBXNativeTarget "RoomLensUITests" */ = {
			isa = XCConfigurationList;
			buildConfigurations = (
				A6EC51913048EA9D00A3B953 /* Debug configuration for PBXNativeTarget "RoomLensUITests" */,
				A6EC51923048EA9D00A3B953 /* Release configuration for PBXNativeTarget "RoomLensUITests" */,
			);
			defaultConfigurationName = Release;
		};
/* End XCConfigurationList section */
	};
	rootObject = A6EC51633048EA9C00A3B953 /* Project object */;
	validationLevel = 1;
}
